// !$*UTF8*$!
{
	archiveVersion = 1;
	classes = {
	};
	objectVersion = 52;
	objects = {

/* Begin PBXBuildFile section */
		76651B32245AB31E0018B686 /* MovieModel.swift in Sources */ = {isa = PBXBuildFile; fileRef = 76651B31245AB31E0018B686 /* MovieModel.swift */; };
		76651B34245AB3D70018B686 /* HomeView.swift in Sources */ = {isa = PBXBuildFile; fileRef = 76651B33245AB3D70018B686 /* HomeView.swift */; };
		76651B3A245AC8A70018B686 /* APIManager.swift in Sources */ = {isa = PBXBuildFile; fileRef = 76651B39245AC8A70018B686 /* APIManager.swift */; };
		769969AD245BC48A006B5A5E /* PagingInfoModel.swift in Sources */ = {isa = PBXBuildFile; fileRef = 769969A6245BC48A006B5A5E /* PagingInfoModel.swift */; };
		769969AE245BC48A006B5A5E /* MovieDetailModel.swift in Sources */ = {isa = PBXBuildFile; fileRef = 769969A7245BC48A006B5A5E /* MovieDetailModel.swift */; };
		769969AF245BC48A006B5A5E /* CategoryModel.swift in Sources */ = {isa = PBXBuildFile; fileRef = 769969A8245BC48A006B5A5E /* CategoryModel.swift */; };
		769969B0245BC48A006B5A5E /* CreditModel.swift in Sources */ = {isa = PBXBuildFile; fileRef = 769969A9245BC48A006B5A5E /* CreditModel.swift */; };
		769969B1245BC48A006B5A5E /* ReviewModel.swift in Sources */ = {isa = PBXBuildFile; fileRef = 769969AA245BC48A006B5A5E /* ReviewModel.swift */; };
		769969B2245BC48A006B5A5E /* SafeArrayDecoding.swift in Sources */ = {isa = PBXBuildFile; fileRef = 769969AB245BC48A006B5A5E /* SafeArrayDecoding.swift */; };
		769969B3245BC48A006B5A5E /* VideoModel.swift in Sources */ = {isa = PBXBuildFile; fileRef = 769969AC245BC48A006B5A5E /* VideoModel.swift */; };
		769969B6245BC933006B5A5E /* Parsing.swift in Sources */ = {isa = PBXBuildFile; fileRef = 769969B5245BC933006B5A5E /* Parsing.swift */; };
		769969B8245BD2FC006B5A5E /* HomeViewModel.swift in Sources */ = {isa = PBXBuildFile; fileRef = 769969B7245BD2FC006B5A5E /* HomeViewModel.swift */; };
		769969BB245BDE2C006B5A5E /* String+URL.swift in Sources */ = {isa = PBXBuildFile; fileRef = 769969BA245BDE2C006B5A5E /* String+URL.swift */; };
		769969BD245BF628006B5A5E /* HomeItemViewModel.swift in Sources */ = {isa = PBXBuildFile; fileRef = 769969BC245BF628006B5A5E /* HomeItemViewModel.swift */; };
		769969BF245BF65F006B5A5E /* HomeRowViewodel.swift in Sources */ = {isa = PBXBuildFile; fileRef = 769969BE245BF65F006B5A5E /* HomeRowViewodel.swift */; };
		769969C1245BF706006B5A5E /* Enum.swift in Sources */ = {isa = PBXBuildFile; fileRef = 769969C0245BF706006B5A5E /* Enum.swift */; };
		76A31D27245FB0D4002A9542 /* MovieDetailView.swift in Sources */ = {isa = PBXBuildFile; fileRef = 76A31D26245FB0D4002A9542 /* MovieDetailView.swift */; };
		76A31D29245FB0E5002A9542 /* MovieDetailViewModel.swift in Sources */ = {isa = PBXBuildFile; fileRef = 76A31D28245FB0E5002A9542 /* MovieDetailViewModel.swift */; };
		76A31D2F2460341B002A9542 /* String+date.swift in Sources */ = {isa = PBXBuildFile; fileRef = 76A31D2E2460341A002A9542 /* String+date.swift */; };
		76A31D312460FBBD002A9542 /* HomeRowView.swift in Sources */ = {isa = PBXBuildFile; fileRef = 76A31D302460FBBD002A9542 /* HomeRowView.swift */; };
		76A31D35246107E4002A9542 /* HomeBuilder.swift in Sources */ = {isa = PBXBuildFile; fileRef = 76A31D34246107E4002A9542 /* HomeBuilder.swift */; };
		76AE65BC2459686C007A5313 /* AppDelegate.swift in Sources */ = {isa = PBXBuildFile; fileRef = 76AE65BB2459686C007A5313 /* AppDelegate.swift */; };
		76AE65BE2459686C007A5313 /* SceneDelegate.swift in Sources */ = {isa = PBXBuildFile; fileRef = 76AE65BD2459686C007A5313 /* SceneDelegate.swift */; };
		76AE65C12459686C007A5313 /* MyMovie_SwiftUI.xcdatamodeld in Sources */ = {isa = PBXBuildFile; fileRef = 76AE65BF2459686C007A5313 /* MyMovie_SwiftUI.xcdatamodeld */; };
		76AE65C32459686C007A5313 /* ContentView.swift in Sources */ = {isa = PBXBuildFile; fileRef = 76AE65C22459686C007A5313 /* ContentView.swift */; };
		76AE65C524596876007A5313 /* Assets.xcassets in Resources */ = {isa = PBXBuildFile; fileRef = 76AE65C424596876007A5313 /* Assets.xcassets */; };
		76AE65C824596876007A5313 /* Preview Assets.xcassets in Resources */ = {isa = PBXBuildFile; fileRef = 76AE65C724596876007A5313 /* Preview Assets.xcassets */; };
		76AE65CB24596876007A5313 /* LaunchScreen.storyboard in Resources */ = {isa = PBXBuildFile; fileRef = 76AE65C924596876007A5313 /* LaunchScreen.storyboard */; };
		76AE65D624596876007A5313 /* MyMovie_SwiftUITests.swift in Sources */ = {isa = PBXBuildFile; fileRef = 76AE65D524596876007A5313 /* MyMovie_SwiftUITests.swift */; };
		76AE65E124596876007A5313 /* MyMovie_SwiftUIUITests.swift in Sources */ = {isa = PBXBuildFile; fileRef = 76AE65E024596876007A5313 /* MyMovie_SwiftUIUITests.swift */; };
		76AE65F324596DE5007A5313 /* HomeItemView.swift in Sources */ = {isa = PBXBuildFile; fileRef = 76AE65F224596DE5007A5313 /* HomeItemView.swift */; };
		76B14D69245E85B900FA5B34 /* SDWebImageSwiftUI in Frameworks */ = {isa = PBXBuildFile; productRef = 76B14D68245E85B900FA5B34 /* SDWebImageSwiftUI */; };
		A07F071528F9388B0003FB47 /* Router.swift in Sources */ = {isa = PBXBuildFile; fileRef = A07F071428F9388B0003FB47 /* Router.swift */; };
/* End PBXBuildFile section */

/* Begin PBXContainerItemProxy section */
		76AE65D224596876007A5313 /* PBXContainerItemProxy */ = {
			isa = PBXContainerItemProxy;
			containerPortal = 76AE65B02459686C007A5313 /* Project object */;
			proxyType = 1;
			remoteGlobalIDString = 76AE65B72459686C007A5313;
			remoteInfo = "MyMovie-SwiftUI";
		};
		76AE65DD24596876007A5313 /* PBXContainerItemProxy */ = {
			isa = PBXContainerItemProxy;
			containerPortal = 76AE65B02459686C007A5313 /* Project object */;
			proxyType = 1;
			remoteGlobalIDString = 76AE65B72459686C007A5313;
			remoteInfo = "MyMovie-SwiftUI";
		};
/* End PBXContainerItemProxy section */

/* Begin PBXFileReference section */
		76651B31245AB31E0018B686 /* MovieModel.swift */ = {isa = PBXFileReference; fileEncoding = 4; lastKnownFileType = sourcecode.swift; path = MovieModel.swift; sourceTree = "<group>"; };
		76651B33245AB3D70018B686 /* HomeView.swift */ = {isa = PBXFileReference; lastKnownFileType = sourcecode.swift; path = HomeView.swift; sourceTree = "<group>"; };
		76651B39245AC8A70018B686 /* APIManager.swift */ = {isa = PBXFileReference; fileEncoding = 4; lastKnownFileType = sourcecode.swift; path = APIManager.swift; sourceTree = "<group>"; };
		769969A6245BC48A006B5A5E /* PagingInfoModel.swift */ = {isa = PBXFileReference; fileEncoding = 4; lastKnownFileType = sourcecode.swift; path = PagingInfoModel.swift; sourceTree = "<group>"; };
		769969A7245BC48A006B5A5E /* MovieDetailModel.swift */ = {isa = PBXFileReference; fileEncoding = 4; lastKnownFileType = sourcecode.swift; path = MovieDetailModel.swift; sourceTree = "<group>"; };
		769969A8245BC48A006B5A5E /* CategoryModel.swift */ = {isa = PBXFileReference; fileEncoding = 4; lastKnownFileType = sourcecode.swift; path = CategoryModel.swift; sourceTree = "<group>"; };
		769969A9245BC48A006B5A5E /* CreditModel.swift */ = {isa = PBXFileReference; fileEncoding = 4; lastKnownFileType = sourcecode.swift; path = CreditModel.swift; sourceTree = "<group>"; };
		769969AA245BC48A006B5A5E /* ReviewModel.swift */ = {isa = PBXFileReference; fileEncoding = 4; lastKnownFileType = sourcecode.swift; path = ReviewModel.swift; sourceTree = "<group>"; };
		769969AB245BC48A006B5A5E /* SafeArrayDecoding.swift */ = {isa = PBXFileReference; fileEncoding = 4; lastKnownFileType = sourcecode.swift; path = SafeArrayDecoding.swift; sourceTree = "<group>"; };
		769969AC245BC48A006B5A5E /* VideoModel.swift */ = {isa = PBXFileReference; fileEncoding = 4; lastKnownFileType = sourcecode.swift; path = VideoModel.swift; sourceTree = "<group>"; };
		769969B5245BC933006B5A5E /* Parsing.swift */ = {isa = PBXFileReference; lastKnownFileType = sourcecode.swift; path = Parsing.swift; sourceTree = "<group>"; };
		769969B7245BD2FC006B5A5E /* HomeViewModel.swift */ = {isa = PBXFileReference; lastKnownFileType = sourcecode.swift; path = HomeViewModel.swift; sourceTree = "<group>"; };
		769969BA245BDE2C006B5A5E /* String+URL.swift */ = {isa = PBXFileReference; fileEncoding = 4; lastKnownFileType = sourcecode.swift; path = "String+URL.swift"; sourceTree = "<group>"; };
		769969BC245BF628006B5A5E /* HomeItemViewModel.swift */ = {isa = PBXFileReference; lastKnownFileType = sourcecode.swift; name = HomeItemViewModel.swift; path = ../Detail/HomeItemViewModel.swift; sourceTree = "<group>"; };
		769969BE245BF65F006B5A5E /* HomeRowViewodel.swift */ = {isa = PBXFileReference; lastKnownFileType = sourcecode.swift; path = HomeRowViewodel.swift; sourceTree = "<group>"; };
		769969C0245BF706006B5A5E /* Enum.swift */ = {isa = PBXFileReference; fileEncoding = 4; lastKnownFileType = sourcecode.swift; path = Enum.swift; sourceTree = "<group>"; };
		76A31D26245FB0D4002A9542 /* MovieDetailView.swift */ = {isa = PBXFileReference; lastKnownFileType = sourcecode.swift; path = MovieDetailView.swift; sourceTree = "<group>"; };
		76A31D28245FB0E5002A9542 /* MovieDetailViewModel.swift */ = {isa = PBXFileReference; lastKnownFileType = sourcecode.swift; path = MovieDetailViewModel.swift; sourceTree = "<group>"; };
		76A31D2E2460341A002A9542 /* String+date.swift */ = {isa = PBXFileReference; fileEncoding = 4; lastKnownFileType = sourcecode.swift; path = "String+date.swift"; sourceTree = "<group>"; };
		76A31D302460FBBD002A9542 /* HomeRowView.swift */ = {isa = PBXFileReference; lastKnownFileType = sourcecode.swift; path = HomeRowView.swift; sourceTree = "<group>"; };
		76A31D34246107E4002A9542 /* HomeBuilder.swift */ = {isa = PBXFileReference; lastKnownFileType = sourcecode.swift; path = HomeBuilder.swift; sourceTree = "<group>"; };
		76AE65B82459686C007A5313 /* MyMovie-SwiftUI.app */ = {isa = PBXFileReference; explicitFileType = wrapper.application; includeInIndex = 0; path = "MyMovie-SwiftUI.app"; sourceTree = BUILT_PRODUCTS_DIR; };
		76AE65BB2459686C007A5313 /* AppDelegate.swift */ = {isa = PBXFileReference; lastKnownFileType = sourcecode.swift; path = AppDelegate.swift; sourceTree = "<group>"; };
		76AE65BD2459686C007A5313 /* SceneDelegate.swift */ = {isa = PBXFileReference; lastKnownFileType = sourcecode.swift; path = SceneDelegate.swift; sourceTree = "<group>"; };
		76AE65C02459686C007A5313 /* MyMovie_SwiftUI.xcdatamodel */ = {isa = PBXFileReference; lastKnownFileType = wrapper.xcdatamodel; path = MyMovie_SwiftUI.xcdatamodel; sourceTree = "<group>"; };
		76AE65C22459686C007A5313 /* ContentView.swift */ = {isa = PBXFileReference; lastKnownFileType = sourcecode.swift; path = ContentView.swift; sourceTree = "<group>"; };
		76AE65C424596876007A5313 /* Assets.xcassets */ = {isa = PBXFileReference; lastKnownFileType = folder.assetcatalog; path = Assets.xcassets; sourceTree = "<group>"; };
		76AE65C724596876007A5313 /* Preview Assets.xcassets */ = {isa = PBXFileReference; lastKnownFileType = folder.assetcatalog; path = "Preview Assets.xcassets"; sourceTree = "<group>"; };
		76AE65CA24596876007A5313 /* Base */ = {isa = PBXFileReference; lastKnownFileType = file.storyboard; name = Base; path = Base.lproj/LaunchScreen.storyboard; sourceTree = "<group>"; };
		76AE65CC24596876007A5313 /* Info.plist */ = {isa = PBXFileReference; lastKnownFileType = text.plist.xml; path = Info.plist; sourceTree = "<group>"; };
		76AE65D124596876007A5313 /* MyMovie-SwiftUITests.xctest */ = {isa = PBXFileReference; explicitFileType = wrapper.cfbundle; includeInIndex = 0; path = "MyMovie-SwiftUITests.xctest"; sourceTree = BUILT_PRODUCTS_DIR; };
		76AE65D524596876007A5313 /* MyMovie_SwiftUITests.swift */ = {isa = PBXFileReference; lastKnownFileType = sourcecode.swift; path = MyMovie_SwiftUITests.swift; sourceTree = "<group>"; };
		76AE65D724596876007A5313 /* Info.plist */ = {isa = PBXFileReference; lastKnownFileType = text.plist.xml; path = Info.plist; sourceTree = "<group>"; };
		76AE65DC24596876007A5313 /* MyMovie-SwiftUIUITests.xctest */ = {isa = PBXFileReference; explicitFileType = wrapper.cfbundle; includeInIndex = 0; path = "MyMovie-SwiftUIUITests.xctest"; sourceTree = BUILT_PRODUCTS_DIR; };
		76AE65E024596876007A5313 /* MyMovie_SwiftUIUITests.swift */ = {isa = PBXFileReference; lastKnownFileType = sourcecode.swift; path = MyMovie_SwiftUIUITests.swift; sourceTree = "<group>"; };
		76AE65E224596876007A5313 /* Info.plist */ = {isa = PBXFileReference; lastKnownFileType = text.plist.xml; path = Info.plist; sourceTree = "<group>"; };
		76AE65F224596DE5007A5313 /* HomeItemView.swift */ = {isa = PBXFileReference; lastKnownFileType = sourcecode.swift; path = HomeItemView.swift; sourceTree = "<group>"; };
		A07F071428F9388B0003FB47 /* Router.swift */ = {isa = PBXFileReference; lastKnownFileType = sourcecode.swift; path = Router.swift; sourceTree = "<group>"; };
/* End PBXFileReference section */

/* Begin PBXFrameworksBuildPhase section */
		76AE65B52459686C007A5313 /* Frameworks */ = {
			isa = PBXFrameworksBuildPhase;
			buildActionMask = 2147483647;
			files = (
				76B14D69245E85B900FA5B34 /* SDWebImageSwiftUI in Frameworks */,
			);
			runOnlyForDeploymentPostprocessing = 0;
		};
		76AE65CE24596876007A5313 /* Frameworks */ = {
			isa = PBXFrameworksBuildPhase;
			buildActionMask = 2147483647;
			files = (
			);
			runOnlyForDeploymentPostprocessing = 0;
		};
		76AE65D924596876007A5313 /* Frameworks */ = {
			isa = PBXFrameworksBuildPhase;
			buildActionMask = 2147483647;
			files = (
			);
			runOnlyForDeploymentPostprocessing = 0;
		};
/* End PBXFrameworksBuildPhase section */

/* Begin PBXGroup section */
		76651B38245AC8940018B686 /* Networking */ = {
			isa = PBXGroup;
			children = (
				76651B39245AC8A70018B686 /* APIManager.swift */,
			);
			path = Networking;
			sourceTree = "<group>";
		};
		769969B4245BC865006B5A5E /* Helper */ = {
			isa = PBXGroup;
			children = (
				769969C0245BF706006B5A5E /* Enum.swift */,
				769969B5245BC933006B5A5E /* Parsing.swift */,
			);
			path = Helper;
			sourceTree = "<group>";
		};
		769969B9245BDE1E006B5A5E /* Extension */ = {
			isa = PBXGroup;
			children = (
				76A31D2E2460341A002A9542 /* String+date.swift */,
				769969BA245BDE2C006B5A5E /* String+URL.swift */,
			);
			path = Extension;
			sourceTree = "<group>";
		};
		76A31D2A245FB165002A9542 /* Home */ = {
			isa = PBXGroup;
			children = (
				769969B7245BD2FC006B5A5E /* HomeViewModel.swift */,
				769969BC245BF628006B5A5E /* HomeItemViewModel.swift */,
				769969BE245BF65F006B5A5E /* HomeRowViewodel.swift */,
			);
			path = Home;
			sourceTree = "<group>";
		};
		76A31D2B245FB16C002A9542 /* Detail */ = {
			isa = PBXGroup;
			children = (
				76A31D28245FB0E5002A9542 /* MovieDetailViewModel.swift */,
			);
			path = Detail;
			sourceTree = "<group>";
		};
		76A31D2C245FB185002A9542 /* Home */ = {
			isa = PBXGroup;
			children = (
				76651B33245AB3D70018B686 /* HomeView.swift */,
				76A31D302460FBBD002A9542 /* HomeRowView.swift */,
				76AE65F224596DE5007A5313 /* HomeItemView.swift */,
			);
			path = Home;
			sourceTree = "<group>";
		};
		76A31D2D245FB18D002A9542 /* Detail */ = {
			isa = PBXGroup;
			children = (
				76A31D26245FB0D4002A9542 /* MovieDetailView.swift */,
			);
			path = Detail;
			sourceTree = "<group>";
		};
		76A31D322461073C002A9542 /* Utilities */ = {
			isa = PBXGroup;
			children = (
				769969B9245BDE1E006B5A5E /* Extension */,
				769969B4245BC865006B5A5E /* Helper */,
			);
			path = Utilities;
			sourceTree = "<group>";
		};
		76A31D33246107AD002A9542 /* Builder */ = {
			isa = PBXGroup;
			children = (
				76A31D34246107E4002A9542 /* HomeBuilder.swift */,
			);
			path = Builder;
			sourceTree = "<group>";
		};
		76AE65AF2459686C007A5313 = {
			isa = PBXGroup;
			children = (
				76AE65BA2459686C007A5313 /* MyMovie-SwiftUI */,
				76AE65D424596876007A5313 /* MyMovie-SwiftUITests */,
				76AE65DF24596876007A5313 /* MyMovie-SwiftUIUITests */,
				76AE65B92459686C007A5313 /* Products */,
			);
			sourceTree = "<group>";
		};
		76AE65B92459686C007A5313 /* Products */ = {
			isa = PBXGroup;
			children = (
				76AE65B82459686C007A5313 /* MyMovie-SwiftUI.app */,
				76AE65D124596876007A5313 /* MyMovie-SwiftUITests.xctest */,
				76AE65DC24596876007A5313 /* MyMovie-SwiftUIUITests.xctest */,
			);
			name = Products;
			sourceTree = "<group>";
		};
		76AE65BA2459686C007A5313 /* MyMovie-SwiftUI */ = {
			isa = PBXGroup;
			children = (
				76AE65EF24596D07007A5313 /* View */,
				76AE65F124596D53007A5313 /* ViewModel */,
				A07F071328F938770003FB47 /* Router */,
				76A31D33246107AD002A9542 /* Builder */,
				76AE65F024596D41007A5313 /* Model */,
				76651B38245AC8940018B686 /* Networking */,
				76A31D322461073C002A9542 /* Utilities */,
				76AE65BB2459686C007A5313 /* AppDelegate.swift */,
				76AE65BD2459686C007A5313 /* SceneDelegate.swift */,
				76AE65C22459686C007A5313 /* ContentView.swift */,
				76AE65C424596876007A5313 /* Assets.xcassets */,
				76AE65C924596876007A5313 /* LaunchScreen.storyboard */,
				76AE65CC24596876007A5313 /* Info.plist */,
				76AE65BF2459686C007A5313 /* MyMovie_SwiftUI.xcdatamodeld */,
				76AE65C624596876007A5313 /* Preview Content */,
			);
			path = "MyMovie-SwiftUI";
			sourceTree = "<group>";
		};
		76AE65C624596876007A5313 /* Preview Content */ = {
			isa = PBXGroup;
			children = (
				76AE65C724596876007A5313 /* Preview Assets.xcassets */,
			);
			path = "Preview Content";
			sourceTree = "<group>";
		};
		76AE65D424596876007A5313 /* MyMovie-SwiftUITests */ = {
			isa = PBXGroup;
			children = (
				76AE65D524596876007A5313 /* MyMovie_SwiftUITests.swift */,
				76AE65D724596876007A5313 /* Info.plist */,
			);
			path = "MyMovie-SwiftUITests";
			sourceTree = "<group>";
		};
		76AE65DF24596876007A5313 /* MyMovie-SwiftUIUITests */ = {
			isa = PBXGroup;
			children = (
				76AE65E024596876007A5313 /* MyMovie_SwiftUIUITests.swift */,
				76AE65E224596876007A5313 /* Info.plist */,
			);
			path = "MyMovie-SwiftUIUITests";
			sourceTree = "<group>";
		};
		76AE65EF24596D07007A5313 /* View */ = {
			isa = PBXGroup;
			children = (
				76A31D2C245FB185002A9542 /* Home */,
				76A31D2D245FB18D002A9542 /* Detail */,
			);
			path = View;
			sourceTree = "<group>";
		};
		76AE65F024596D41007A5313 /* Model */ = {
			isa = PBXGroup;
			children = (
				769969A8245BC48A006B5A5E /* CategoryModel.swift */,
				769969A9245BC48A006B5A5E /* CreditModel.swift */,
				769969A7245BC48A006B5A5E /* MovieDetailModel.swift */,
				769969A6245BC48A006B5A5E /* PagingInfoModel.swift */,
				769969AA245BC48A006B5A5E /* ReviewModel.swift */,
				769969AB245BC48A006B5A5E /* SafeArrayDecoding.swift */,
				769969AC245BC48A006B5A5E /* VideoModel.swift */,
				76651B31245AB31E0018B686 /* MovieModel.swift */,
			);
			path = Model;
			sourceTree = "<group>";
		};
		76AE65F124596D53007A5313 /* ViewModel */ = {
			isa = PBXGroup;
			children = (
				76A31D2A245FB165002A9542 /* Home */,
				76A31D2B245FB16C002A9542 /* Detail */,
			);
			path = ViewModel;
			sourceTree = "<group>";
		};
		A07F071328F938770003FB47 /* Router */ = {
			isa = PBXGroup;
			children = (
				A07F071428F9388B0003FB47 /* Router.swift */,
			);
			path = Router;
			sourceTree = "<group>";
		};
/* End PBXGroup section */

/* Begin PBXNativeTarget section */
		76AE65B72459686C007A5313 /* MyMovie-SwiftUI */ = {
			isa = PBXNativeTarget;
			buildConfigurationList = 76AE65E524596876007A5313 /* Build configuration list for PBXNativeTarget "MyMovie-SwiftUI" */;
			buildPhases = (
				76AE65B42459686C007A5313 /* Sources */,
				76AE65B52459686C007A5313 /* Frameworks */,
				76AE65B62459686C007A5313 /* Resources */,
			);
			buildRules = (
			);
			dependencies = (
			);
			name = "MyMovie-SwiftUI";
			packageProductDependencies = (
				76B14D68245E85B900FA5B34 /* SDWebImageSwiftUI */,
			);
			productName = "MyMovie-SwiftUI";
			productReference = 76AE65B82459686C007A5313 /* MyMovie-SwiftUI.app */;
			productType = "com.apple.product-type.application";
		};
		76AE65D024596876007A5313 /* MyMovie-SwiftUITests */ = {
			isa = PBXNativeTarget;
			buildConfigurationList = 76AE65E824596876007A5313 /* Build configuration list for PBXNativeTarget "MyMovie-SwiftUITests" */;
			buildPhases = (
				76AE65CD24596876007A5313 /* Sources */,
				76AE65CE24596876007A5313 /* Frameworks */,
				76AE65CF24596876007A5313 /* Resources */,
			);
			buildRules = (
			);
			dependencies = (
				76AE65D324596876007A5313 /* PBXTargetDependency */,
			);
			name = "MyMovie-SwiftUITests";
			productName = "MyMovie-SwiftUITests";
			productReference = 76AE65D124596876007A5313 /* MyMovie-SwiftUITests.xctest */;
			productType = "com.apple.product-type.bundle.unit-test";
		};
		76AE65DB24596876007A5313 /* MyMovie-SwiftUIUITests */ = {
			isa = PBXNativeTarget;
			buildConfigurationList = 76AE65EB24596876007A5313 /* Build configuration list for PBXNativeTarget "MyMovie-SwiftUIUITests" */;
			buildPhases = (
				76AE65D824596876007A5313 /* Sources */,
				76AE65D924596876007A5313 /* Frameworks */,
				76AE65DA24596876007A5313 /* Resources */,
			);
			buildRules = (
			);
			dependencies = (
				76AE65DE24596876007A5313 /* PBXTargetDependency */,
			);
			name = "MyMovie-SwiftUIUITests";
			productName = "MyMovie-SwiftUIUITests";
			productReference = 76AE65DC24596876007A5313 /* MyMovie-SwiftUIUITests.xctest */;
			productType = "com.apple.product-type.bundle.ui-testing";
		};
/* End PBXNativeTarget section */

/* Begin PBXProject section */
		76AE65B02459686C007A5313 /* Project object */ = {
			isa = PBXProject;
			attributes = {
				LastSwiftUpdateCheck = 1120;
				LastUpgradeCheck = 1120;
				ORGANIZATIONNAME = "Thy Nguyen";
				TargetAttributes = {
					76AE65B72459686C007A5313 = {
						CreatedOnToolsVersion = 11.2;
					};
					76AE65D024596876007A5313 = {
						CreatedOnToolsVersion = 11.2;
						TestTargetID = 76AE65B72459686C007A5313;
					};
					76AE65DB24596876007A5313 = {
						CreatedOnToolsVersion = 11.2;
						TestTargetID = 76AE65B72459686C007A5313;
					};
				};
			};
			buildConfigurationList = 76AE65B32459686C007A5313 /* Build configuration list for PBXProject "MyMovie-SwiftUI" */;
			compatibilityVersion = "Xcode 9.3";
			developmentRegion = en;
			hasScannedForEncodings = 0;
			knownRegions = (
				en,
				Base,
			);
			mainGroup = 76AE65AF2459686C007A5313;
			packageReferences = (
				76B14D67245E85B900FA5B34 /* XCRemoteSwiftPackageReference "SDWebImageSwiftUI" */,
			);
			productRefGroup = 76AE65B92459686C007A5313 /* Products */;
			projectDirPath = "";
			projectRoot = "";
			targets = (
				76AE65B72459686C007A5313 /* MyMovie-SwiftUI */,
				76AE65D024596876007A5313 /* MyMovie-SwiftUITests */,
				76AE65DB24596876007A5313 /* MyMovie-SwiftUIUITests */,
			);
		};
/* End PBXProject section */

/* Begin PBXResourcesBuildPhase section */
		76AE65B62459686C007A5313 /* Resources */ = {
			isa = PBXResourcesBuildPhase;
			buildActionMask = 2147483647;
			files = (
				76AE65CB24596876007A5313 /* LaunchScreen.storyboard in Resources */,
				76AE65C824596876007A5313 /* Preview Assets.xcassets in Resources */,
				76AE65C524596876007A5313 /* Assets.xcassets in Resources */,
			);
			runOnlyForDeploymentPostprocessing = 0;
		};
		76AE65CF24596876007A5313 /* Resources */ = {
			isa = PBXResourcesBuildPhase;
			buildActionMask = 2147483647;
			files = (
			);
			runOnlyForDeploymentPostprocessing = 0;
		};
		76AE65DA24596876007A5313 /* Resources */ = {
			isa = PBXResourcesBuildPhase;
			buildActionMask = 2147483647;
			files = (
			);
			runOnlyForDeploymentPostprocessing = 0;
		};
/* End PBXResourcesBuildPhase section */

/* Begin PBXSourcesBuildPhase section */
		76AE65B42459686C007A5313 /* Sources */ = {
			isa = PBXSourcesBuildPhase;
			buildActionMask = 2147483647;
			files = (
				769969BF245BF65F006B5A5E /* HomeRowViewodel.swift in Sources */,
				769969B8245BD2FC006B5A5E /* HomeViewModel.swift in Sources */,
				76651B3A245AC8A70018B686 /* APIManager.swift in Sources */,
				769969BD245BF628006B5A5E /* HomeItemViewModel.swift in Sources */,
				A07F071528F9388B0003FB47 /* Router.swift in Sources */,
				76A31D312460FBBD002A9542 /* HomeRowView.swift in Sources */,
				76A31D2F2460341B002A9542 /* String+date.swift in Sources */,
				76651B32245AB31E0018B686 /* MovieModel.swift in Sources */,
				76651B34245AB3D70018B686 /* HomeView.swift in Sources */,
				769969B1245BC48A006B5A5E /* ReviewModel.swift in Sources */,
				76AE65F324596DE5007A5313 /* HomeItemView.swift in Sources */,
				769969AD245BC48A006B5A5E /* PagingInfoModel.swift in Sources */,
				76AE65C12459686C007A5313 /* MyMovie_SwiftUI.xcdatamodeld in Sources */,
				76A31D27245FB0D4002A9542 /* MovieDetailView.swift in Sources */,
				769969BB245BDE2C006B5A5E /* String+URL.swift in Sources */,
				76A31D35246107E4002A9542 /* HomeBuilder.swift in Sources */,
				769969C1245BF706006B5A5E /* Enum.swift in Sources */,
				76AE65BC2459686C007A5313 /* AppDelegate.swift in Sources */,
				769969AF245BC48A006B5A5E /* CategoryModel.swift in Sources */,
				769969B0245BC48A006B5A5E /* CreditModel.swift in Sources */,
				76AE65C32459686C007A5313 /* ContentView.swift in Sources */,
				76AE65BE2459686C007A5313 /* SceneDelegate.swift in Sources */,
				769969B6245BC933006B5A5E /* Parsing.swift in Sources */,
				76A31D29245FB0E5002A9542 /* MovieDetailViewModel.swift in Sources */,
				769969AE245BC48A006B5A5E /* MovieDetailModel.swift in Sources */,
				769969B3245BC48A006B5A5E /* VideoModel.swift in Sources */,
				769969B2245BC48A006B5A5E /* SafeArrayDecoding.swift in Sources */,
			);
			runOnlyForDeploymentPostprocessing = 0;
		};
		76AE65CD24596876007A5313 /* Sources */ = {
			isa = PBXSourcesBuildPhase;
			buildActionMask = 2147483647;
			files = (
				76AE65D624596876007A5313 /* MyMovie_SwiftUITests.swift in Sources */,
			);
			runOnlyForDeploymentPostprocessing = 0;
		};
		76AE65D824596876007A5313 /* Sources */ = {
			isa = PBXSourcesBuildPhase;
			buildActionMask = 2147483647;
			files = (
				76AE65E124596876007A5313 /* MyMovie_SwiftUIUITests.swift in Sources */,
			);
			runOnlyForDeploymentPostprocessing = 0;
		};
/* End PBXSourcesBuildPhase section */

/* Begin PBXTargetDependency section */
		76AE65D324596876007A5313 /* PBXTargetDependency */ = {
			isa = PBXTargetDependency;
			target = 76AE65B72459686C007A5313 /* MyMovie-SwiftUI */;
			targetProxy = 76AE65D224596876007A5313 /* PBXContainerItemProxy */;
		};
		76AE65DE24596876007A5313 /* PBXTargetDependency */ = {
			isa = PBXTargetDependency;
			target = 76AE65B72459686C007A5313 /* MyMovie-SwiftUI */;
			targetProxy = 76AE65DD24596876007A5313 /* PBXContainerItemProxy */;
		};
/* End PBXTargetDependency section */

/* Begin PBXVariantGroup section */
		76AE65C924596876007A5313 /* LaunchScreen.storyboard */ = {
			isa = PBXVariantGroup;
			children = (
				76AE65CA24596876007A5313 /* Base */,
			);
			name = LaunchScreen.storyboard;
			sourceTree = "<group>";
		};
/* End PBXVariantGroup section */

/* Begin XCBuildConfiguration section */
		76AE65E324596876007A5313 /* Debug */ = {
			isa = XCBuildConfiguration;
			buildSettings = {
				ALWAYS_SEARCH_USER_PATHS = NO;
				CLANG_ANALYZER_NONNULL = YES;
				CLANG_ANALYZER_NUMBER_OBJECT_CONVERSION = YES_AGGRESSIVE;
				CLANG_CXX_LANGUAGE_STANDARD = "gnu++14";
				CLANG_CXX_LIBRARY = "libc++";
				CLANG_ENABLE_MODULES = YES;
				CLANG_ENABLE_OBJC_ARC = YES;
				CLANG_ENABLE_OBJC_WEAK = YES;
				CLANG_WARN_BLOCK_CAPTURE_AUTORELEASING = YES;
				CLANG_WARN_BOOL_CONVERSION = YES;
				CLANG_WARN_COMMA = YES;
				CLANG_WARN_CONSTANT_CONVERSION = YES;
				CLANG_WARN_DEPRECATED_OBJC_IMPLEMENTATIONS = YES;
				CLANG_WARN_DIRECT_OBJC_ISA_USAGE = YES_ERROR;
				CLANG_WARN_DOCUMENTATION_COMMENTS = YES;
				CLANG_WARN_EMPTY_BODY = YES;
				CLANG_WARN_ENUM_CONVERSION = YES;
				CLANG_WARN_INFINITE_RECURSION = YES;
				CLANG_WARN_INT_CONVERSION = YES;
				CLANG_WARN_NON_LITERAL_NULL_CONVERSION = YES;
				CLANG_WARN_OBJC_IMPLICIT_RETAIN_SELF = YES;
				CLANG_WARN_OBJC_LITERAL_CONVERSION = YES;
				CLANG_WARN_OBJC_ROOT_CLASS = YES_ERROR;
				CLANG_WARN_RANGE_LOOP_ANALYSIS = YES;
				CLANG_WARN_STRICT_PROTOTYPES = YES;
				CLANG_WARN_SUSPICIOUS_MOVE = YES;
				CLANG_WARN_UNGUARDED_AVAILABILITY = YES_AGGRESSIVE;
				CLANG_WARN_UNREACHABLE_CODE = YES;
				CLANG_WARN__DUPLICATE_METHOD_MATCH = YES;
				COPY_PHASE_STRIP = NO;
				DEBUG_INFORMATION_FORMAT = dwarf;
				ENABLE_STRICT_OBJC_MSGSEND = YES;
				ENABLE_TESTABILITY = YES;
				GCC_C_LANGUAGE_STANDARD = gnu11;
				GCC_DYNAMIC_NO_PIC = NO;
				GCC_NO_COMMON_BLOCKS = YES;
				GCC_OPTIMIZATION_LEVEL = 0;
				GCC_PREPROCESSOR_DEFINITIONS = (
					"DEBUG=1",
					"$(inherited)",
				);
				GCC_WARN_64_TO_32_BIT_CONVERSION = YES;
				GCC_WARN_ABOUT_RETURN_TYPE = YES_ERROR;
				GCC_WARN_UNDECLARED_SELECTOR = YES;
				GCC_WARN_UNINITIALIZED_AUTOS = YES_AGGRESSIVE;
				GCC_WARN_UNUSED_FUNCTION = YES;
				GCC_WARN_UNUSED_VARIABLE = YES;
				IPHONEOS_DEPLOYMENT_TARGET = 13.2;
				MTL_ENABLE_DEBUG_INFO = INCLUDE_SOURCE;
				MTL_FAST_MATH = YES;
				ONLY_ACTIVE_ARCH = YES;
				SDKROOT = iphoneos;
				SWIFT_ACTIVE_COMPILATION_CONDITIONS = DEBUG;
				SWIFT_OPTIMIZATION_LEVEL = "-Onone";
			};
			name = Debug;
		};
		76AE65E424596876007A5313 /* Release */ = {
			isa = XCBuildConfiguration;
			buildSettings = {
				ALWAYS_SEARCH_USER_PATHS = NO;
				CLANG_ANALYZER_NONNULL = YES;
				CLANG_ANALYZER_NUMBER_OBJECT_CONVERSION = YES_AGGRESSIVE;
				CLANG_CXX_LANGUAGE_STANDARD = "gnu++14";
				CLANG_CXX_LIBRARY = "libc++";
				CLANG_ENABLE_MODULES = YES;
				CLANG_ENABLE_OBJC_ARC = YES;
				CLANG_ENABLE_OBJC_WEAK = YES;
				CLANG_WARN_BLOCK_CAPTURE_AUTORELEASING = YES;
				CLANG_WARN_BOOL_CONVERSION = YES;
				CLANG_WARN_COMMA = YES;
				CLANG_WARN_CONSTANT_CONVERSION = YES;
				CLANG_WARN_DEPRECATED_OBJC_IMPLEMENTATIONS = YES;
				CLANG_WARN_DIRECT_OBJC_ISA_USAGE = YES_ERROR;
				CLANG_WARN_DOCUMENTATION_COMMENTS = YES;
				CLANG_WARN_EMPTY_BODY = YES;
				CLANG_WARN_ENUM_CONVERSION = YES;
				CLANG_WARN_INFINITE_RECURSION = YES;
				CLANG_WARN_INT_CONVERSION = YES;
				CLANG_WARN_NON_LITERAL_NULL_CONVERSION = YES;
				CLANG_WARN_OBJC_IMPLICIT_RETAIN_SELF = YES;
				CLANG_WARN_OBJC_LITERAL_CONVERSION = YES;
				CLANG_WARN_OBJC_ROOT_CLASS = YES_ERROR;
				CLANG_WARN_RANGE_LOOP_ANALYSIS = YES;
				CLANG_WARN_STRICT_PROTOTYPES = YES;
				CLANG_WARN_SUSPICIOUS_MOVE = YES;
				CLANG_WARN_UNGUARDED_AVAILABILITY = YES_AGGRESSIVE;
				CLANG_WARN_UNREACHABLE_CODE = YES;
				CLANG_WARN__DUPLICATE_METHOD_MATCH = YES;
				COPY_PHASE_STRIP = NO;
				DEBUG_INFORMATION_FORMAT = "dwarf-with-dsym";
				ENABLE_NS_ASSERTIONS = NO;
				ENABLE_STRICT_OBJC_MSGSEND = YES;
				GCC_C_LANGUAGE_STANDARD = gnu11;
				GCC_NO_COMMON_BLOCKS = YES;
				GCC_WARN_64_TO_32_BIT_CONVERSION = YES;
				GCC_WARN_ABOUT_RETURN_TYPE = YES_ERROR;
				GCC_WARN_UNDECLARED_SELECTOR = YES;
				GCC_WARN_UNINITIALIZED_AUTOS = YES_AGGRESSIVE;
				GCC_WARN_UNUSED_FUNCTION = YES;
				GCC_WARN_UNUSED_VARIABLE = YES;
				IPHONEOS_DEPLOYMENT_TARGET = 13.2;
				MTL_ENABLE_DEBUG_INFO = NO;
				MTL_FAST_MATH = YES;
				SDKROOT = iphoneos;
				SWIFT_COMPILATION_MODE = wholemodule;
				SWIFT_OPTIMIZATION_LEVEL = "-O";
				VALIDATE_PRODUCT = YES;
			};
			name = Release;
		};
		76AE65E624596876007A5313 /* Debug */ = {
			isa = XCBuildConfiguration;
			buildSettings = {
				ASSETCATALOG_COMPILER_APPICON_NAME = AppIcon;
				CODE_SIGN_STYLE = Automatic;
				DEVELOPMENT_ASSET_PATHS = "\"MyMovie-SwiftUI/Preview Content\"";
				ENABLE_PREVIEWS = YES;
				INFOPLIST_FILE = "MyMovie-SwiftUI/Info.plist";
				IPHONEOS_DEPLOYMENT_TARGET = 16.0;
				LD_RUNPATH_SEARCH_PATHS = (
					"$(inherited)",
					"@executable_path/Frameworks",
				);
				PRODUCT_BUNDLE_IDENTIFIER = "thy.nguyen.MyMovie-SwiftUI";
				PRODUCT_NAME = "$(TARGET_NAME)";
				SWIFT_VERSION = 5.0;
				TARGETED_DEVICE_FAMILY = 1;
			};
			name = Debug;
		};
		76AE65E724596876007A5313 /* Release */ = {
			isa = XCBuildConfiguration;
			buildSettings = {
				ASSETCATALOG_COMPILER_APPICON_NAME = AppIcon;
				CODE_SIGN_STYLE = Automatic;
				DEVELOPMENT_ASSET_PATHS = "\"MyMovie-SwiftUI/Preview Content\"";
				ENABLE_PREVIEWS = YES;
				INFOPLIST_FILE = "MyMovie-SwiftUI/Info.plist";
				IPHONEOS_DEPLOYMENT_TARGET = 16.0;
				LD_RUNPATH_SEARCH_PATHS = (
					"$(inherited)",
					"@executable_path/Frameworks",
				);
				PRODUCT_BUNDLE_IDENTIFIER = "thy.nguyen.MyMovie-SwiftUI";
				PRODUCT_NAME = "$(TARGET_NAME)";
				SWIFT_VERSION = 5.0;
				TARGETED_DEVICE_FAMILY = 1;
			};
			name = Release;
		};
		76AE65E924596876007A5313 /* Debug */ = {
			isa = XCBuildConfiguration;
			buildSettings = {
				ALWAYS_EMBED_SWIFT_STANDARD_LIBRARIES = YES;
				BUNDLE_LOADER = "$(TEST_HOST)";
				CODE_SIGN_STYLE = Automatic;
				INFOPLIST_FILE = "MyMovie-SwiftUITests/Info.plist";
				IPHONEOS_DEPLOYMENT_TARGET = 13.2;
				LD_RUNPATH_SEARCH_PATHS = (
					"$(inherited)",
					"@executable_path/Frameworks",
					"@loader_path/Frameworks",
				);
				PRODUCT_BUNDLE_IDENTIFIER = "thy.nguyen.MyMovie-SwiftUITests";
				PRODUCT_NAME = "$(TARGET_NAME)";
				SWIFT_VERSION = 5.0;
				TARGETED_DEVICE_FAMILY = "1,2";
				TEST_HOST = "$(BUILT_PRODUCTS_DIR)/MyMovie-SwiftUI.app/MyMovie-SwiftUI";
			};
			name = Debug;
		};
		76AE65EA24596876007A5313 /* Release */ = {
			isa = XCBuildConfiguration;
			buildSettings = {
				ALWAYS_EMBED_SWIFT_STANDARD_LIBRARIES = YES;
				BUNDLE_LOADER = "$(TEST_HOST)";
				CODE_SIGN_STYLE = Automatic;
				INFOPLIST_FILE = "MyMovie-SwiftUITests/Info.plist";
				IPHONEOS_DEPLOYMENT_TARGET = 13.2;
				LD_RUNPATH_SEARCH_PATHS = (
					"$(inherited)",
					"@executable_path/Frameworks",
					"@loader_path/Frameworks",
				);
				PRODUCT_BUNDLE_IDENTIFIER = "thy.nguyen.MyMovie-SwiftUITests";
				PRODUCT_NAME = "$(TARGET_NAME)";
				SWIFT_VERSION = 5.0;
				TARGETED_DEVICE_FAMILY = "1,2";
				TEST_HOST = "$(BUILT_PRODUCTS_DIR)/MyMovie-SwiftUI.app/MyMovie-SwiftUI";
			};
			name = Release;
		};
		76AE65EC24596876007A5313 /* Debug */ = {
			isa = XCBuildConfiguration;
			buildSettings = {
				ALWAYS_EMBED_SWIFT_STANDARD_LIBRARIES = YES;
				CODE_SIGN_STYLE = Automatic;
				INFOPLIST_FILE = "MyMovie-SwiftUIUITests/Info.plist";
				LD_RUNPATH_SEARCH_PATHS = (
					"$(inherited)",
					"@executable_path/Frameworks",
					"@loader_path/Frameworks",
				);
				PRODUCT_BUNDLE_IDENTIFIER = "thy.nguyen.MyMovie-SwiftUIUITests";
				PRODUCT_NAME = "$(TARGET_NAME)";
				SWIFT_VERSION = 5.0;
				TARGETED_DEVICE_FAMILY = "1,2";
				TEST_TARGET_NAME = "MyMovie-SwiftUI";
			};
			name = Debug;
		};
		76AE65ED24596876007A5313 /* Release */ = {
			isa = XCBuildConfiguration;
			buildSettings = {
				ALWAYS_EMBED_SWIFT_STANDARD_LIBRARIES = YES;
				CODE_SIGN_STYLE = Automatic;
				INFOPLIST_FILE = "MyMovie-SwiftUIUITests/Info.plist";
				LD_RUNPATH_SEARCH_PATHS = (
					"$(inherited)",
					"@executable_path/Frameworks",
					"@loader_path/Frameworks",
				);
				PRODUCT_BUNDLE_IDENTIFIER = "thy.nguyen.MyMovie-SwiftUIUITests";
				PRODUCT_NAME = "$(TARGET_NAME)";
				SWIFT_VERSION = 5.0;
				TARGETED_DEVICE_FAMILY = "1,2";
				TEST_TARGET_NAME = "MyMovie-SwiftUI";
			};
			name = Release;
		};
/* End XCBuildConfiguration section */

/* Begin XCConfigurationList section */
		76AE65B32459686C007A5313 /* Build configuration list for PBXProject "MyMovie-SwiftUI" */ = {
			isa = XCConfigurationList;
			buildConfigurations = (
				76AE65E324596876007A5313 /* Debug */,
				76AE65E424596876007A5313 /* Release */,
			);
			defaultConfigurationIsVisible = 0;
			defaultConfigurationName = Release;
		};
		76AE65E524596876007A5313 /* Build configuration list for PBXNativeTarget "MyMovie-SwiftUI" */ = {
			isa = XCConfigurationList;
			buildConfigurations = (
				76AE65E624596876007A5313 /* Debug */,
				76AE65E724596876007A5313 /* Release */,
			);
			defaultConfigurationIsVisible = 0;
			defaultConfigurationName = Release;
		};
		76AE65E824596876007A5313 /* Build configuration list for PBXNativeTarget "MyMovie-SwiftUITests" */ = {
			isa = XCConfigurationList;
			buildConfigurations = (
				76AE65E924596876007A5313 /* Debug */,
				76AE65EA24596876007A5313 /* Release */,
			);
			defaultConfigurationIsVisible = 0;
			defaultConfigurationName = Release;
		};
		76AE65EB24596876007A5313 /* Build configuration list for PBXNativeTarget "MyMovie-SwiftUIUITests" */ = {
			isa = XCConfigurationList;
			buildConfigurations = (
				76AE65EC24596876007A5313 /* Debug */,
				76AE65ED24596876007A5313 /* Release */,
			);
			defaultConfigurationIsVisible = 0;
			defaultConfigurationName = Release;
		};
/* End XCConfigurationList section */

/* Begin XCRemoteSwiftPackageReference section */
		76B14D67245E85B900FA5B34 /* XCRemoteSwiftPackageReference "SDWebImageSwiftUI" */ = {
			isa = XCRemoteSwiftPackageReference;
			repositoryURL = "https://github.com/SDWebImage/SDWebImageSwiftUI.git";
			requirement = {
				kind = upToNextMajorVersion;
				minimumVersion = 1.3.4;
			};
		};
/* End XCRemoteSwiftPackageReference section */

/* Begin XCSwiftPackageProductDependency section */
		76B14D68245E85B900FA5B34 /* SDWebImageSwiftUI */ = {
			isa = XCSwiftPackageProductDependency;
			package = 76B14D67245E85B900FA5B34 /* XCRemoteSwiftPackageReference "SDWebImageSwiftUI" */;
			productName = SDWebImageSwiftUI;
		};
/* End XCSwiftPackageProductDependency section */

/* Begin XCVersionGroup section */
		76AE65BF2459686C007A5313 /* MyMovie_SwiftUI.xcdatamodeld */ = {
			isa = XCVersionGroup;
			children = (
				76AE65C02459686C007A5313 /* MyMovie_SwiftUI.xcdatamodel */,
			);
			currentVersion = 76AE65C02459686C007A5313 /* MyMovie_SwiftUI.xcdatamodel */;
			path = MyMovie_SwiftUI.xcdatamodeld;
			sourceTree = "<group>";
			versionGroupType = wrapper.xcdatamodel;
		};
/* End XCVersionGroup section */
	};
	rootObject = 76AE65B02459686C007A5313 /* Project object */;
}
